// !$*UTF8*$!
{
	archiveVersion = 1;
	classes = {
	};
	objectVersion = 46;
	objects = {

/* Begin PBXBuildFile section */
		5F1372701AC233ECB8772927 /* libPods.a in Frameworks */ = {isa = PBXBuildFile; fileRef = BD661A3F89AE2A7A9D713F10 /* libPods.a */; };
		6EDCA5031A87360700D6CCA0 /* main.m in Sources */ = {isa = PBXBuildFile; fileRef = 6EDCA5021A87360700D6CCA0 /* main.m */; };
		6EDCA5061A87360700D6CCA0 /* AppDelegate.m in Sources */ = {isa = PBXBuildFile; fileRef = 6EDCA5051A87360700D6CCA0 /* AppDelegate.m */; };
		6EDCA50E1A87360700D6CCA0 /* Images.xcassets in Resources */ = {isa = PBXBuildFile; fileRef = 6EDCA50D1A87360700D6CCA0 /* Images.xcassets */; };
		6EDCA5111A87360700D6CCA0 /* LaunchScreen.xib in Resources */ = {isa = PBXBuildFile; fileRef = 6EDCA50F1A87360700D6CCA0 /* LaunchScreen.xib */; };
		6EDCA51D1A87360800D6CCA0 /* TwitterAppTests.m in Sources */ = {isa = PBXBuildFile; fileRef = 6EDCA51C1A87360800D6CCA0 /* TwitterAppTests.m */; };
		6EE48BA31A87377A00CE3D6E /* LoginViewController.m in Sources */ = {isa = PBXBuildFile; fileRef = 6EE48BA11A87377A00CE3D6E /* LoginViewController.m */; };
		6EE48BA41A87377A00CE3D6E /* LoginViewController.xib in Resources */ = {isa = PBXBuildFile; fileRef = 6EE48BA21A87377A00CE3D6E /* LoginViewController.xib */; };
		6EE48BA71A87399E00CE3D6E /* TwitterClient.m in Sources */ = {isa = PBXBuildFile; fileRef = 6EE48BA61A87399E00CE3D6E /* TwitterClient.m */; };
		6EE48BAB1A88340D00CE3D6E /* Tweet.m in Sources */ = {isa = PBXBuildFile; fileRef = 6EE48BAA1A88340D00CE3D6E /* Tweet.m */; };
		6EE48BAE1A88341A00CE3D6E /* User.m in Sources */ = {isa = PBXBuildFile; fileRef = 6EE48BAD1A88341A00CE3D6E /* User.m */; };
/* End PBXBuildFile section */

/* Begin PBXContainerItemProxy section */
		6EDCA5171A87360800D6CCA0 /* PBXContainerItemProxy */ = {
			isa = PBXContainerItemProxy;
			containerPortal = 6EDCA4F51A87360700D6CCA0 /* Project object */;
			proxyType = 1;
			remoteGlobalIDString = 6EDCA4FC1A87360700D6CCA0;
			remoteInfo = TwitterApp;
		};
/* End PBXContainerItemProxy section */

/* Begin PBXFileReference section */
		09DF5E70CA99F6A45DAF7CF6 /* Pods.debug.xcconfig */ = {isa = PBXFileReference; includeInIndex = 1; lastKnownFileType = text.xcconfig; name = Pods.debug.xcconfig; path = "Pods/Target Support Files/Pods/Pods.debug.xcconfig"; sourceTree = "<group>"; };
		504F3309E85D45DEB966064A /* Pods.release.xcconfig */ = {isa = PBXFileReference; includeInIndex = 1; lastKnownFileType = text.xcconfig; name = Pods.release.xcconfig; path = "Pods/Target Support Files/Pods/Pods.release.xcconfig"; sourceTree = "<group>"; };
		6EDCA4FD1A87360700D6CCA0 /* TwitterApp.app */ = {isa = PBXFileReference; explicitFileType = wrapper.application; includeInIndex = 0; path = TwitterApp.app; sourceTree = BUILT_PRODUCTS_DIR; };
		6EDCA5011A87360700D6CCA0 /* Info.plist */ = {isa = PBXFileReference; lastKnownFileType = text.plist.xml; path = Info.plist; sourceTree = "<group>"; };
		6EDCA5021A87360700D6CCA0 /* main.m */ = {isa = PBXFileReference; lastKnownFileType = sourcecode.c.objc; path = main.m; sourceTree = "<group>"; };
		6EDCA5041A87360700D6CCA0 /* AppDelegate.h */ = {isa = PBXFileReference; lastKnownFileType = sourcecode.c.h; path = AppDelegate.h; sourceTree = "<group>"; };
		6EDCA5051A87360700D6CCA0 /* AppDelegate.m */ = {isa = PBXFileReference; lastKnownFileType = sourcecode.c.objc; path = AppDelegate.m; sourceTree = "<group>"; };
		6EDCA50D1A87360700D6CCA0 /* Images.xcassets */ = {isa = PBXFileReference; lastKnownFileType = folder.assetcatalog; path = Images.xcassets; sourceTree = "<group>"; };
		6EDCA5101A87360700D6CCA0 /* Base */ = {isa = PBXFileReference; lastKnownFileType = file.xib; name = Base; path = Base.lproj/LaunchScreen.xib; sourceTree = "<group>"; };
		6EDCA5161A87360800D6CCA0 /* TwitterAppTests.xctest */ = {isa = PBXFileReference; explicitFileType = wrapper.cfbundle; includeInIndex = 0; path = TwitterAppTests.xctest; sourceTree = BUILT_PRODUCTS_DIR; };
		6EDCA51B1A87360800D6CCA0 /* Info.plist */ = {isa = PBXFileReference; lastKnownFileType = text.plist.xml; path = Info.plist; sourceTree = "<group>"; };
		6EDCA51C1A87360800D6CCA0 /* TwitterAppTests.m */ = {isa = PBXFileReference; lastKnownFileType = sourcecode.c.objc; path = TwitterAppTests.m; sourceTree = "<group>"; };
		6EE48BA01A87377A00CE3D6E /* LoginViewController.h */ = {isa = PBXFileReference; fileEncoding = 4; lastKnownFileType = sourcecode.c.h; path = LoginViewController.h; sourceTree = "<group>"; };
		6EE48BA11A87377A00CE3D6E /* LoginViewController.m */ = {isa = PBXFileReference; fileEncoding = 4; lastKnownFileType = sourcecode.c.objc; path = LoginViewController.m; sourceTree = "<group>"; };
		6EE48BA21A87377A00CE3D6E /* LoginViewController.xib */ = {isa = PBXFileReference; fileEncoding = 4; lastKnownFileType = file.xib; path = LoginViewController.xib; sourceTree = "<group>"; };
		6EE48BA51A87399E00CE3D6E /* TwitterClient.h */ = {isa = PBXFileReference; fileEncoding = 4; lastKnownFileType = sourcecode.c.h; path = TwitterClient.h; sourceTree = "<group>"; };
		6EE48BA61A87399E00CE3D6E /* TwitterClient.m */ = {isa = PBXFileReference; fileEncoding = 4; lastKnownFileType = sourcecode.c.objc; path = TwitterClient.m; sourceTree = "<group>"; };
		6EE48BA91A88340D00CE3D6E /* Tweet.h */ = {isa = PBXFileReference; fileEncoding = 4; lastKnownFileType = sourcecode.c.h; path = Tweet.h; sourceTree = "<group>"; };
		6EE48BAA1A88340D00CE3D6E /* Tweet.m */ = {isa = PBXFileReference; fileEncoding = 4; lastKnownFileType = sourcecode.c.objc; path = Tweet.m; sourceTree = "<group>"; };
		6EE48BAC1A88341A00CE3D6E /* User.h */ = {isa = PBXFileReference; fileEncoding = 4; lastKnownFileType = sourcecode.c.h; path = User.h; sourceTree = "<group>"; };
		6EE48BAD1A88341A00CE3D6E /* User.m */ = {isa = PBXFileReference; fileEncoding = 4; lastKnownFileType = sourcecode.c.objc; path = User.m; sourceTree = "<group>"; };
		BD661A3F89AE2A7A9D713F10 /* libPods.a */ = {isa = PBXFileReference; explicitFileType = archive.ar; includeInIndex = 0; path = libPods.a; sourceTree = BUILT_PRODUCTS_DIR; };
/* End PBXFileReference section */

/* Begin PBXFrameworksBuildPhase section */
		6EDCA4FA1A87360700D6CCA0 /* Frameworks */ = {
			isa = PBXFrameworksBuildPhase;
			buildActionMask = 2147483647;
			files = (
				5F1372701AC233ECB8772927 /* libPods.a in Frameworks */,
			);
			runOnlyForDeploymentPostprocessing = 0;
		};
		6EDCA5131A87360800D6CCA0 /* Frameworks */ = {
			isa = PBXFrameworksBuildPhase;
			buildActionMask = 2147483647;
			files = (
			);
			runOnlyForDeploymentPostprocessing = 0;
		};
/* End PBXFrameworksBuildPhase section */

/* Begin PBXGroup section */
		6EDCA4F41A87360700D6CCA0 = {
			isa = PBXGroup;
			children = (
				6EDCA4FF1A87360700D6CCA0 /* TwitterApp */,
				6EDCA5191A87360800D6CCA0 /* TwitterAppTests */,
				6EDCA4FE1A87360700D6CCA0 /* Products */,
				B771BCB5D5B5D2AE43EB0612 /* Pods */,
				D738F8873A70DA7730A28A2A /* Frameworks */,
			);
			sourceTree = "<group>";
		};
		6EDCA4FE1A87360700D6CCA0 /* Products */ = {
			isa = PBXGroup;
			children = (
				6EDCA4FD1A87360700D6CCA0 /* TwitterApp.app */,
				6EDCA5161A87360800D6CCA0 /* TwitterAppTests.xctest */,
			);
			name = Products;
			sourceTree = "<group>";
		};
		6EDCA4FF1A87360700D6CCA0 /* TwitterApp */ = {
			isa = PBXGroup;
			children = (
				6EE48BA81A8833CB00CE3D6E /* Models */,
				6EDCA5041A87360700D6CCA0 /* AppDelegate.h */,
				6EDCA5051A87360700D6CCA0 /* AppDelegate.m */,
				6EDCA50D1A87360700D6CCA0 /* Images.xcassets */,
				6EDCA50F1A87360700D6CCA0 /* LaunchScreen.xib */,
				6EDCA5001A87360700D6CCA0 /* Supporting Files */,
				6EE48BA01A87377A00CE3D6E /* LoginViewController.h */,
				6EE48BA11A87377A00CE3D6E /* LoginViewController.m */,
				6EE48BA21A87377A00CE3D6E /* LoginViewController.xib */,
				6EE48BA51A87399E00CE3D6E /* TwitterClient.h */,
				6EE48BA61A87399E00CE3D6E /* TwitterClient.m */,
			);
			path = TwitterApp;
			sourceTree = "<group>";
		};
		6EDCA5001A87360700D6CCA0 /* Supporting Files */ = {
			isa = PBXGroup;
			children = (
				6EDCA5011A87360700D6CCA0 /* Info.plist */,
				6EDCA5021A87360700D6CCA0 /* main.m */,
			);
			name = "Supporting Files";
			sourceTree = "<group>";
		};
		6EDCA5191A87360800D6CCA0 /* TwitterAppTests */ = {
			isa = PBXGroup;
			children = (
				6EDCA51C1A87360800D6CCA0 /* TwitterAppTests.m */,
				6EDCA51A1A87360800D6CCA0 /* Supporting Files */,
			);
			path = TwitterAppTests;
			sourceTree = "<group>";
		};
		6EDCA51A1A87360800D6CCA0 /* Supporting Files */ = {
			isa = PBXGroup;
			children = (
				6EDCA51B1A87360800D6CCA0 /* Info.plist */,
			);
			name = "Supporting Files";
			sourceTree = "<group>";
		};
		6EE48BA81A8833CB00CE3D6E /* Models */ = {
			isa = PBXGroup;
			children = (
				6EE48BA91A88340D00CE3D6E /* Tweet.h */,
				6EE48BAA1A88340D00CE3D6E /* Tweet.m */,
				6EE48BAC1A88341A00CE3D6E /* User.h */,
				6EE48BAD1A88341A00CE3D6E /* User.m */,
			);
			name = Models;
			sourceTree = "<group>";
		};
		B771BCB5D5B5D2AE43EB0612 /* Pods */ = {
			isa = PBXGroup;
			children = (
				09DF5E70CA99F6A45DAF7CF6 /* Pods.debug.xcconfig */,
				504F3309E85D45DEB966064A /* Pods.release.xcconfig */,
			);
			name = Pods;
			sourceTree = "<group>";
		};
		D738F8873A70DA7730A28A2A /* Frameworks */ = {
			isa = PBXGroup;
			children = (
				BD661A3F89AE2A7A9D713F10 /* libPods.a */,
			);
			name = Frameworks;
			sourceTree = "<group>";
		};
/* End PBXGroup section */

/* Begin PBXNativeTarget section */
		6EDCA4FC1A87360700D6CCA0 /* TwitterApp */ = {
			isa = PBXNativeTarget;
			buildConfigurationList = 6EDCA5201A87360800D6CCA0 /* Build configuration list for PBXNativeTarget "TwitterApp" */;
			buildPhases = (
				8FCD994B353B18E970510491 /* Check Pods Manifest.lock */,
				6EDCA4F91A87360700D6CCA0 /* Sources */,
				6EDCA4FA1A87360700D6CCA0 /* Frameworks */,
				6EDCA4FB1A87360700D6CCA0 /* Resources */,
				A8193B6CD7F3E40C701D064B /* Copy Pods Resources */,
			);
			buildRules = (
			);
			dependencies = (
			);
			name = TwitterApp;
			productName = TwitterApp;
			productReference = 6EDCA4FD1A87360700D6CCA0 /* TwitterApp.app */;
			productType = "com.apple.product-type.application";
		};
		6EDCA5151A87360800D6CCA0 /* TwitterAppTests */ = {
			isa = PBXNativeTarget;
			buildConfigurationList = 6EDCA5231A87360800D6CCA0 /* Build configuration list for PBXNativeTarget "TwitterAppTests" */;
			buildPhases = (
				6EDCA5121A87360800D6CCA0 /* Sources */,
				6EDCA5131A87360800D6CCA0 /* Frameworks */,
				6EDCA5141A87360800D6CCA0 /* Resources */,
			);
			buildRules = (
			);
			dependencies = (
				6EDCA5181A87360800D6CCA0 /* PBXTargetDependency */,
			);
			name = TwitterAppTests;
			productName = TwitterAppTests;
			productReference = 6EDCA5161A87360800D6CCA0 /* TwitterAppTests.xctest */;
			productType = "com.apple.product-type.bundle.unit-test";
		};
/* End PBXNativeTarget section */

/* Begin PBXProject section */
		6EDCA4F51A87360700D6CCA0 /* Project object */ = {
			isa = PBXProject;
			attributes = {
				LastUpgradeCheck = 0610;
				ORGANIZATIONNAME = yahoo;
				TargetAttributes = {
					6EDCA4FC1A87360700D6CCA0 = {
						CreatedOnToolsVersion = 6.1.1;
					};
					6EDCA5151A87360800D6CCA0 = {
						CreatedOnToolsVersion = 6.1.1;
						TestTargetID = 6EDCA4FC1A87360700D6CCA0;
					};
				};
			};
			buildConfigurationList = 6EDCA4F81A87360700D6CCA0 /* Build configuration list for PBXProject "TwitterApp" */;
			compatibilityVersion = "Xcode 3.2";
			developmentRegion = English;
			hasScannedForEncodings = 0;
			knownRegions = (
				en,
				Base,
			);
			mainGroup = 6EDCA4F41A87360700D6CCA0;
			productRefGroup = 6EDCA4FE1A87360700D6CCA0 /* Products */;
			projectDirPath = "";
			projectRoot = "";
			targets = (
				6EDCA4FC1A87360700D6CCA0 /* TwitterApp */,
				6EDCA5151A87360800D6CCA0 /* TwitterAppTests */,
			);
		};
/* End PBXProject section */

/* Begin PBXResourcesBuildPhase section */
		6EDCA4FB1A87360700D6CCA0 /* Resources */ = {
			isa = PBXResourcesBuildPhase;
			buildActionMask = 2147483647;
			files = (
				6EDCA5111A87360700D6CCA0 /* LaunchScreen.xib in Resources */,
				6EDCA50E1A87360700D6CCA0 /* Images.xcassets in Resources */,
				6EE48BA41A87377A00CE3D6E /* LoginViewController.xib in Resources */,
			);
			runOnlyForDeploymentPostprocessing = 0;
		};
		6EDCA5141A87360800D6CCA0 /* Resources */ = {
			isa = PBXResourcesBuildPhase;
			buildActionMask = 2147483647;
			files = (
			);
			runOnlyForDeploymentPostprocessing = 0;
		};
/* End PBXResourcesBuildPhase section */

/* Begin PBXShellScriptBuildPhase section */
		8FCD994B353B18E970510491 /* Check Pods Manifest.lock */ = {
			isa = PBXShellScriptBuildPhase;
			buildActionMask = 2147483647;
			files = (
			);
			inputPaths = (
			);
			name = "Check Pods Manifest.lock";
			outputPaths = (
			);
			runOnlyForDeploymentPostprocessing = 0;
			shellPath = /bin/sh;
			shellScript = "diff \"${PODS_ROOT}/../Podfile.lock\" \"${PODS_ROOT}/Manifest.lock\" > /dev/null\nif [[ $? != 0 ]] ; then\n    cat << EOM\nerror: The sandbox is not in sync with the Podfile.lock. Run 'pod install' or update your CocoaPods installation.\nEOM\n    exit 1\nfi\n";
			showEnvVarsInLog = 0;
		};
		A8193B6CD7F3E40C701D064B /* Copy Pods Resources */ = {
			isa = PBXShellScriptBuildPhase;
			buildActionMask = 2147483647;
			files = (
			);
			inputPaths = (
			);
			name = "Copy Pods Resources";
			outputPaths = (
			);
			runOnlyForDeploymentPostprocessing = 0;
			shellPath = /bin/sh;
			shellScript = "\"${SRCROOT}/Pods/Target Support Files/Pods/Pods-resources.sh\"\n";
			showEnvVarsInLog = 0;
		};
/* End PBXShellScriptBuildPhase section */

/* Begin PBXSourcesBuildPhase section */
		6EDCA4F91A87360700D6CCA0 /* Sources */ = {
			isa = PBXSourcesBuildPhase;
			buildActionMask = 2147483647;
			files = (
				6EE48BA71A87399E00CE3D6E /* TwitterClient.m in Sources */,
				6EDCA5061A87360700D6CCA0 /* AppDelegate.m in Sources */,
				6EE48BAE1A88341A00CE3D6E /* User.m in Sources */,
				6EE48BAB1A88340D00CE3D6E /* Tweet.m in Sources */,
				6EDCA5031A87360700D6CCA0 /* main.m in Sources */,
				6EE48BA31A87377A00CE3D6E /* LoginViewController.m in Sources */,
			);
			runOnlyForDeploymentPostprocessing = 0;
		};
		6EDCA5121A87360800D6CCA0 /* Sources */ = {
			isa = PBXSourcesBuildPhase;
			buildActionMask = 2147483647;
			files = (
				6EDCA51D1A87360800D6CCA0 /* TwitterAppTests.m in Sources */,
			);
			runOnlyForDeploymentPostprocessing = 0;
		};
/* End PBXSourcesBuildPhase section */

/* Begin PBXTargetDependency section */
		6EDCA5181A87360800D6CCA0 /* PBXTargetDependency */ = {
			isa = PBXTargetDependency;
			target = 6EDCA4FC1A87360700D6CCA0 /* TwitterApp */;
			targetProxy = 6EDCA5171A87360800D6CCA0 /* PBXContainerItemProxy */;
		};
/* End PBXTargetDependency section */

/* Begin PBXVariantGroup section */
		6EDCA50F1A87360700D6CCA0 /* LaunchScreen.xib */ = {
			isa = PBXVariantGroup;
			children = (
				6EDCA5101A87360700D6CCA0 /* Base */,
			);
			name = LaunchScreen.xib;
			sourceTree = "<group>";
		};
/* End PBXVariantGroup section */

/* Begin XCBuildConfiguration section */
		6EDCA51E1A87360800D6CCA0 /* Debug */ = {
			isa = XCBuildConfiguration;
			buildSettings = {
				ALWAYS_SEARCH_USER_PATHS = NO;
				CLANG_CXX_LANGUAGE_STANDARD = "gnu++0x";
				CLANG_CXX_LIBRARY = "libc++";
				CLANG_ENABLE_MODULES = YES;
				CLANG_ENABLE_OBJC_ARC = YES;
				CLANG_WARN_BOOL_CONVERSION = YES;
				CLANG_WARN_CONSTANT_CONVERSION = YES;
				CLANG_WARN_DIRECT_OBJC_ISA_USAGE = YES_ERROR;
				CLANG_WARN_EMPTY_BODY = YES;
				CLANG_WARN_ENUM_CONVERSION = YES;
				CLANG_WARN_INT_CONVERSION = YES;
				CLANG_WARN_OBJC_ROOT_CLASS = YES_ERROR;
				CLANG_WARN_UNREACHABLE_CODE = YES;
				CLANG_WARN__DUPLICATE_METHOD_MATCH = YES;
				"CODE_SIGN_IDENTITY[sdk=iphoneos*]" = "iPhone Developer";
				COPY_PHASE_STRIP = NO;
				ENABLE_STRICT_OBJC_MSGSEND = YES;
				GCC_C_LANGUAGE_STANDARD = gnu99;
				GCC_DYNAMIC_NO_PIC = NO;
				GCC_OPTIMIZATION_LEVEL = 0;
				GCC_PREPROCESSOR_DEFINITIONS = (
					"DEBUG=1",
					"$(inherited)",
				);
				GCC_SYMBOLS_PRIVATE_EXTERN = NO;
				GCC_WARN_64_TO_32_BIT_CONVERSION = YES;
				GCC_WARN_ABOUT_RETURN_TYPE = YES_ERROR;
				GCC_WARN_UNDECLARED_SELECTOR = YES;
				GCC_WARN_UNINITIALIZED_AUTOS = YES_AGGRESSIVE;
				GCC_WARN_UNUSED_FUNCTION = YES;
				GCC_WARN_UNUSED_VARIABLE = YES;
				IPHONEOS_DEPLOYMENT_TARGET = 8.1;
				MTL_ENABLE_DEBUG_INFO = YES;
				ONLY_ACTIVE_ARCH = YES;
				SDKROOT = iphoneos;
			};
			name = Debug;
		};
		6EDCA51F1A87360800D6CCA0 /* Release */ = {
			isa = XCBuildConfiguration;
			buildSettings = {
				ALWAYS_SEARCH_USER_PATHS = NO;
				CLANG_CXX_LANGUAGE_STANDARD = "gnu++0x";
				CLANG_CXX_LIBRARY = "libc++";
				CLANG_ENABLE_MODULES = YES;
				CLANG_ENABLE_OBJC_ARC = YES;
				CLANG_WARN_BOOL_CONVERSION = YES;
				CLANG_WARN_CONSTANT_CONVERSION = YES;
				CLANG_WARN_DIRECT_OBJC_ISA_USAGE = YES_ERROR;
				CLANG_WARN_EMPTY_BODY = YES;
				CLANG_WARN_ENUM_CONVERSION = YES;
				CLANG_WARN_INT_CONVERSION = YES;
				CLANG_WARN_OBJC_ROOT_CLASS = YES_ERROR;
				CLANG_WARN_UNREACHABLE_CODE = YES;
				CLANG_WARN__DUPLICATE_METHOD_MATCH = YES;
				"CODE_SIGN_IDENTITY[sdk=iphoneos*]" = "iPhone Developer";
				COPY_PHASE_STRIP = YES;
				ENABLE_NS_ASSERTIONS = NO;
				ENABLE_STRICT_OBJC_MSGSEND = YES;
				GCC_C_LANGUAGE_STANDARD = gnu99;
				GCC_WARN_64_TO_32_BIT_CONVERSION = YES;
				GCC_WARN_ABOUT_RETURN_TYPE = YES_ERROR;
				GCC_WARN_UNDECLARED_SELECTOR = YES;
				GCC_WARN_UNINITIALIZED_AUTOS = YES_AGGRESSIVE;
				GCC_WARN_UNUSED_FUNCTION = YES;
				GCC_WARN_UNUSED_VARIABLE = YES;
				IPHONEOS_DEPLOYMENT_TARGET = 8.1;
				MTL_ENABLE_DEBUG_INFO = NO;
				SDKROOT = iphoneos;
				VALIDATE_PRODUCT = YES;
			};
			name = Release;
		};
		6EDCA5211A87360800D6CCA0 /* Debug */ = {
			isa = XCBuildConfiguration;
			baseConfigurationReference = 09DF5E70CA99F6A45DAF7CF6 /* Pods.debug.xcconfig */;
			buildSettings = {
				ASSETCATALOG_COMPILER_APPICON_NAME = AppIcon;
				INFOPLIST_FILE = TwitterApp/Info.plist;
				LD_RUNPATH_SEARCH_PATHS = "$(inherited) @executable_path/Frameworks";
				PRODUCT_NAME = "$(TARGET_NAME)";
			};
			name = Debug;
		};
		6EDCA5221A87360800D6CCA0 /* Release */ = {
			isa = XCBuildConfiguration;
			baseConfigurationReference = 504F3309E85D45DEB966064A /* Pods.release.xcconfig */;
			buildSettings = {
				ASSETCATALOG_COMPILER_APPICON_NAME = AppIcon;
				INFOPLIST_FILE = TwitterApp/Info.plist;
				LD_RUNPATH_SEARCH_PATHS = "$(inherited) @executable_path/Frameworks";
				PRODUCT_NAME = "$(TARGET_NAME)";
			};
			name = Release;
		};
		6EDCA5241A87360800D6CCA0 /* Debug */ = {
			isa = XCBuildConfiguration;
			buildSettings = {
				BUNDLE_LOADER = "$(TEST_HOST)";
				FRAMEWORK_SEARCH_PATHS = (
					"$(SDKROOT)/Developer/Library/Frameworks",
					"$(inherited)",
				);
				GCC_PREPROCESSOR_DEFINITIONS = (
					"DEBUG=1",
					"$(inherited)",
				);
				INFOPLIST_FILE = TwitterAppTests/Info.plist;
				LD_RUNPATH_SEARCH_PATHS = "$(inherited) @executable_path/Frameworks @loader_path/Frameworks";
				PRODUCT_NAME = "$(TARGET_NAME)";
				TEST_HOST = "$(BUILT_PRODUCTS_DIR)/TwitterApp.app/TwitterApp";
			};
			name = Debug;
		};
		6EDCA5251A87360800D6CCA0 /* Release */ = {
			isa = XCBuildConfiguration;
			buildSettings = {
				BUNDLE_LOADER = "$(TEST_HOST)";
				FRAMEWORK_SEARCH_PATHS = (
					"$(SDKROOT)/Developer/Library/Frameworks",
					"$(inherited)",
				);
				INFOPLIST_FILE = TwitterAppTests/Info.plist;
				LD_RUNPATH_SEARCH_PATHS = "$(inherited) @executable_path/Frameworks @loader_path/Frameworks";
				PRODUCT_NAME = "$(TARGET_NAME)";
				TEST_HOST = "$(BUILT_PRODUCTS_DIR)/TwitterApp.app/TwitterApp";
			};
			name = Release;
		};
/* End XCBuildConfiguration section */

/* Begin XCConfigurationList section */
		6EDCA4F81A87360700D6CCA0 /* Build configuration list for PBXProject "TwitterApp" */ = {
			isa = XCConfigurationList;
			buildConfigurations = (
				6EDCA51E1A87360800D6CCA0 /* Debug */,
				6EDCA51F1A87360800D6CCA0 /* Release */,
			);
			defaultConfigurationIsVisible = 0;
			defaultConfigurationName = Release;
		};
		6EDCA5201A87360800D6CCA0 /* Build configuration list for PBXNativeTarget "TwitterApp" */ = {
			isa = XCConfigurationList;
			buildConfigurations = (
				6EDCA5211A87360800D6CCA0 /* Debug */,
				6EDCA5221A87360800D6CCA0 /* Release */,
			);
			defaultConfigurationIsVisible = 0;
			defaultConfigurationName = Release;
		};
		6EDCA5231A87360800D6CCA0 /* Build configuration list for PBXNativeTarget "TwitterAppTests" */ = {
			isa = XCConfigurationList;
			buildConfigurations = (
				6EDCA5241A87360800D6CCA0 /* Debug */,
				6EDCA5251A87360800D6CCA0 /* Release */,
			);
			defaultConfigurationIsVisible = 0;
			defaultConfigurationName = Release;
		};
/* End XCConfigurationList section */
	};
	rootObject = 6EDCA4F51A87360700D6CCA0 /* Project object */;
}
